%{"certifi": {:hex, :certifi, "0.4.0"},
  "geohash": {:hex, :geohash, "0.1.1"},
  "gode": {:git, "https://github.com/bradfordw/geode", "5a4c2c5822fec88c93b21a16308716ebff0fd86e", []},
  "hackney": {:hex, :hackney, "1.6.0"},
  "httpoison": {:hex, :httpoison, "0.8.3"},
  "idna": {:hex, :idna, "1.2.0"},
  "metrics": {:hex, :metrics, "1.0.1"},
  "mimerl": {:hex, :mimerl, "1.0.2"},
  "poison": {:hex, :poison, "1.5.2"},
  "poolboy": {:hex, :poolboy, "1.5.1"},
  "ssl_verify_fun": {:hex, :ssl_verify_fun, "1.1.0"},
  "ssl_verify_hostname": {:hex, :ssl_verify_hostname, "1.0.5"},
  "towel": {:hex, :towel, "0.2.1"}}
