%{"geohash": {:git, "git://github.com/treetopllc/geohash.git", "d662533ea50d80815acf36b8d101a2f579d43140", []},
  "gode": {:git, "https://github.com/bradfordw/geode", "5a4c2c5822fec88c93b21a16308716ebff0fd86e", []},
  "hackney": {:hex, :hackney, "1.3.1"},
  "httpoison": {:hex, :httpoison, "0.7.2"},
  "idna": {:hex, :idna, "1.0.2"},
  "poison": {:hex, :poison, "1.4.0"},
  "poolboy": {:hex, :poolboy, "1.5.1"},
  "ssl_verify_hostname": {:hex, :ssl_verify_hostname, "1.0.5"},
  "towel": {:hex, :towel, "0.2.1"}}
